
Microsoft Visual Studio Solution File, Format Version 12.00
# Visual Studio Version 16
VisualStudioVersion = 16.0.810.25
MinimumVisualStudioVersion = 10.0.40219.1
Project("{FAE04EC0-301F-11D3-BF4B-00C04F79EFBC}") = "reqnroll.cloud", "reqnroll.cloud.csproj", "{D0CF8289-F80B-4304-AA0D-D0766F9D946A}"
EndProject
Global
	GlobalSection(SolutionConfigurationPlatforms) = preSolution
		Debug|Any CPU = Debug|Any CPU
		Release|Any CPU = Release|Any CPU
	EndGlobalSection
	GlobalSection(ProjectConfigurationPlatforms) = postSolution
		{D0CF8289-F80B-4304-AA0D-D0766F9D946A}.Debug|Any CPU.ActiveCfg = Debug|Any CPU
		{D0CF8289-F80B-4304-AA0D-D0766F9D946A}.Debug|Any CPU.Build.0 = Debug|Any CPU
		{D0CF8289-F80B-4304-AA0D-D0766F9D946A}.Release|Any CPU.ActiveCfg = Release|Any CPU
		{D0CF8289-F80B-4304-AA0D-D0766F9D946A}.Release|Any CPU.Build.0 = Release|Any CPU
	EndGlobalSection
	GlobalSection(SolutionProperties) = preSolution
		HideSolutionNode = FALSE
	EndGlobalSection
	GlobalSection(ExtensibilityGlobals) = postSolution
		SolutionGuid = {14109DD2-A5A6-4554-8960-FE106A78C7AB}
	EndGlobalSection
EndGlobal
